
Microsoft Visual Studio Solution File, Format Version 12.00
# Visual Studio Version 16
VisualStudioVersion = 16.0.31702.278
MinimumVisualStudioVersion = 10.0.40219.1
Project("{9A19103F-16F7-4668-BE54-9A1E7A4F7556}") = "WebStore", "WebStore\WebStore.csproj", "{CDC93E91-0439-4B1D-9C26-5531D2F60C1A}"
EndProject
Project("{FAE04EC0-301F-11D3-BF4B-00C04F79EFBC}") = "WebStore.DomainNew", "WebStore.DomainNew\WebStore.DomainNew.csproj", "{72CE129D-DF17-4B06-A715-48A272B2F993}"
EndProject
Global
	GlobalSection(SolutionConfigurationPlatforms) = preSolution
		Debug|Any CPU = Debug|Any CPU
		Release|Any CPU = Release|Any CPU
	EndGlobalSection
	GlobalSection(ProjectConfigurationPlatforms) = postSolution
		{CDC93E91-0439-4B1D-9C26-5531D2F60C1A}.Debug|Any CPU.ActiveCfg = Debug|Any CPU
		{CDC93E91-0439-4B1D-9C26-5531D2F60C1A}.Debug|Any CPU.Build.0 = Debug|Any CPU
		{CDC93E91-0439-4B1D-9C26-5531D2F60C1A}.Release|Any CPU.ActiveCfg = Release|Any CPU
		{CDC93E91-0439-4B1D-9C26-5531D2F60C1A}.Release|Any CPU.Build.0 = Release|Any CPU
		{72CE129D-DF17-4B06-A715-48A272B2F993}.Debug|Any CPU.ActiveCfg = Debug|Any CPU
		{72CE129D-DF17-4B06-A715-48A272B2F993}.Debug|Any CPU.Build.0 = Debug|Any CPU
		{72CE129D-DF17-4B06-A715-48A272B2F993}.Release|Any CPU.ActiveCfg = Release|Any CPU
		{72CE129D-DF17-4B06-A715-48A272B2F993}.Release|Any CPU.Build.0 = Release|Any CPU
	EndGlobalSection
	GlobalSection(SolutionProperties) = preSolution
		HideSolutionNode = FALSE
	EndGlobalSection
	GlobalSection(ExtensibilityGlobals) = postSolution
		SolutionGuid = {A2C68C3D-A5CA-4C91-9306-FB0D93D387AA}
	EndGlobalSection
EndGlobal
